
Microsoft Visual Studio Solution File, Format Version 12.00
# Visual Studio Version 17
VisualStudioVersion = 17.1.32407.343
MinimumVisualStudioVersion = 10.0.40219.1
Project("{FAE04EC0-301F-11D3-BF4B-00C04F79EFBC}") = "BlueWASIdnty.Server", "BlueWASIdnty\Server\BlueWASIdnty.Server.csproj", "{F16600B4-365B-4887-BE29-B12A5D0ED76C}"
EndProject
Project("{FAE04EC0-301F-11D3-BF4B-00C04F79EFBC}") = "BlueWASIdnty.Client", "BlueWASIdnty\Client\BlueWASIdnty.Client.csproj", "{7067D82C-5AB5-42B4-8A6D-C1CD5EE370B0}"
EndProject
Project("{FAE04EC0-301F-11D3-BF4B-00C04F79EFBC}") = "BlueWASIdnty.Shared", "BlueWASIdnty\Shared\BlueWASIdnty.Shared.csproj", "{DEAB3B51-B551-4536-8A5C-A199BB076156}"
EndProject
Global
	GlobalSection(SolutionConfigurationPlatforms) = preSolution
		Debug|Any CPU = Debug|Any CPU
		Release|Any CPU = Release|Any CPU
	EndGlobalSection
	GlobalSection(ProjectConfigurationPlatforms) = postSolution
		{F16600B4-365B-4887-BE29-B12A5D0ED76C}.Debug|Any CPU.ActiveCfg = Debug|Any CPU
		{F16600B4-365B-4887-BE29-B12A5D0ED76C}.Debug|Any CPU.Build.0 = Debug|Any CPU
		{F16600B4-365B-4887-BE29-B12A5D0ED76C}.Release|Any CPU.ActiveCfg = Release|Any CPU
		{F16600B4-365B-4887-BE29-B12A5D0ED76C}.Release|Any CPU.Build.0 = Release|Any CPU
		{7067D82C-5AB5-42B4-8A6D-C1CD5EE370B0}.Debug|Any CPU.ActiveCfg = Debug|Any CPU
		{7067D82C-5AB5-42B4-8A6D-C1CD5EE370B0}.Debug|Any CPU.Build.0 = Debug|Any CPU
		{7067D82C-5AB5-42B4-8A6D-C1CD5EE370B0}.Release|Any CPU.ActiveCfg = Release|Any CPU
		{7067D82C-5AB5-42B4-8A6D-C1CD5EE370B0}.Release|Any CPU.Build.0 = Release|Any CPU
		{DEAB3B51-B551-4536-8A5C-A199BB076156}.Debug|Any CPU.ActiveCfg = Debug|Any CPU
		{DEAB3B51-B551-4536-8A5C-A199BB076156}.Debug|Any CPU.Build.0 = Debug|Any CPU
		{DEAB3B51-B551-4536-8A5C-A199BB076156}.Release|Any CPU.ActiveCfg = Release|Any CPU
		{DEAB3B51-B551-4536-8A5C-A199BB076156}.Release|Any CPU.Build.0 = Release|Any CPU
	EndGlobalSection
	GlobalSection(SolutionProperties) = preSolution
		HideSolutionNode = FALSE
	EndGlobalSection
	GlobalSection(ExtensibilityGlobals) = postSolution
		SolutionGuid = {666FFAF4-4BFC-42E2-89BA-29A1496531C2}
	EndGlobalSection
EndGlobal
